
Microsoft Visual Studio Solution File, Format Version 12.00
# Visual Studio 14
VisualStudioVersion = 14.0.25420.1
MinimumVisualStudioVersion = 10.0.40219.1
Project("{FAE04EC0-301F-11D3-BF4B-00C04F79EFBC}") = "FilrCuter", "HomeWork001\FilrCuter.csproj", "{E46B255A-FD96-43B3-A8A9-4638FE86384A}"
EndProject
Project("{FAE04EC0-301F-11D3-BF4B-00C04F79EFBC}") = "CopyAllToSecond", "CopyAllToSecond\CopyAllToSecond.csproj", "{320F365B-8C79-43C6-ABE5-F11887D5DBF4}"
EndProject
Global
	GlobalSection(SolutionConfigurationPlatforms) = preSolution
		Debug|Any CPU = Debug|Any CPU
		Release|Any CPU = Release|Any CPU
	EndGlobalSection
	GlobalSection(ProjectConfigurationPlatforms) = postSolution
		{E46B255A-FD96-43B3-A8A9-4638FE86384A}.Debug|Any CPU.ActiveCfg = Debug|Any CPU
		{E46B255A-FD96-43B3-A8A9-4638FE86384A}.Debug|Any CPU.Build.0 = Debug|Any CPU
		{E46B255A-FD96-43B3-A8A9-4638FE86384A}.Release|Any CPU.ActiveCfg = Release|Any CPU
		{E46B255A-FD96-43B3-A8A9-4638FE86384A}.Release|Any CPU.Build.0 = Release|Any CPU
		{320F365B-8C79-43C6-ABE5-F11887D5DBF4}.Debug|Any CPU.ActiveCfg = Debug|Any CPU
		{320F365B-8C79-43C6-ABE5-F11887D5DBF4}.Debug|Any CPU.Build.0 = Debug|Any CPU
		{320F365B-8C79-43C6-ABE5-F11887D5DBF4}.Release|Any CPU.ActiveCfg = Release|Any CPU
		{320F365B-8C79-43C6-ABE5-F11887D5DBF4}.Release|Any CPU.Build.0 = Release|Any CPU
	EndGlobalSection
	GlobalSection(SolutionProperties) = preSolution
		HideSolutionNode = FALSE
	EndGlobalSection
EndGlobal
